
Microsoft Visual Studio Solution File, Format Version 12.00
# Visual Studio Version 16
VisualStudioVersion = 16.0.29613.14
MinimumVisualStudioVersion = 10.0.40219.1
Project("{FAE04EC0-301F-11D3-BF4B-00C04F79EFBC}") = "Hako.Re Cloner", "Hako.Re Cloner\Hako.Re Cloner.csproj", "{6B85E32C-9E59-4AD2-9E06-94A6E3BC70EE}"
EndProject
Global
	GlobalSection(SolutionConfigurationPlatforms) = preSolution
		Debug|Any CPU = Debug|Any CPU
		Release|Any CPU = Release|Any CPU
	EndGlobalSection
	GlobalSection(ProjectConfigurationPlatforms) = postSolution
		{6B85E32C-9E59-4AD2-9E06-94A6E3BC70EE}.Debug|Any CPU.ActiveCfg = Debug|Any CPU
		{6B85E32C-9E59-4AD2-9E06-94A6E3BC70EE}.Debug|Any CPU.Build.0 = Debug|Any CPU
		{6B85E32C-9E59-4AD2-9E06-94A6E3BC70EE}.Release|Any CPU.ActiveCfg = Release|Any CPU
		{6B85E32C-9E59-4AD2-9E06-94A6E3BC70EE}.Release|Any CPU.Build.0 = Release|Any CPU
	EndGlobalSection
	GlobalSection(SolutionProperties) = preSolution
		HideSolutionNode = FALSE
	EndGlobalSection
	GlobalSection(ExtensibilityGlobals) = postSolution
		SolutionGuid = {1098FDF5-0A05-4C20-AEA1-C81941293DB4}
	EndGlobalSection
EndGlobal
